
Microsoft Visual Studio Solution File, Format Version 12.00
# Visual Studio Version 16
VisualStudioVersion = 16.0.29306.81
MinimumVisualStudioVersion = 10.0.40219.1
Project("{FAE04EC0-301F-11D3-BF4B-00C04F79EFBC}") = "NE4ZUGFeRD", "NE4ZUGFeRD\NE4ZUGFeRD.csproj", "{23906A96-5B31-498F-B7AC-499A35F60736}"
EndProject
Global
	GlobalSection(SolutionConfigurationPlatforms) = preSolution
		Debug|Any CPU = Debug|Any CPU
		Release|Any CPU = Release|Any CPU
	EndGlobalSection
	GlobalSection(ProjectConfigurationPlatforms) = postSolution
		{23906A96-5B31-498F-B7AC-499A35F60736}.Debug|Any CPU.ActiveCfg = Debug|Any CPU
		{23906A96-5B31-498F-B7AC-499A35F60736}.Debug|Any CPU.Build.0 = Debug|Any CPU
		{23906A96-5B31-498F-B7AC-499A35F60736}.Release|Any CPU.ActiveCfg = Release|Any CPU
		{23906A96-5B31-498F-B7AC-499A35F60736}.Release|Any CPU.Build.0 = Release|Any CPU
	EndGlobalSection
	GlobalSection(SolutionProperties) = preSolution
		HideSolutionNode = FALSE
	EndGlobalSection
	GlobalSection(ExtensibilityGlobals) = postSolution
		SolutionGuid = {525DAB6B-19BB-4856-9D21-6A2C623B0243}
	EndGlobalSection
EndGlobal
